
Microsoft Visual Studio Solution File, Format Version 11.00
# Visual Studio 2010
Project("{FAE04EC0-301F-11D3-BF4B-00C04F79EFBC}") = "Unity.Timeline", "Unity.Timeline.csproj", "{312c2de7-20cb-8531-cc3e-1a5adf1c4f5a}"
EndProject
Project("{FAE04EC0-301F-11D3-BF4B-00C04F79EFBC}") = "Unity.VisualEffectGraph.Editor", "Unity.VisualEffectGraph.Editor.csproj", "{068b7d99-e91c-625e-d4b4-61b80597225a}"
EndProject
Project("{FAE04EC0-301F-11D3-BF4B-00C04F79EFBC}") = "Unity.RenderPipelines.GPUDriven.Runtime", "Unity.RenderPipelines.GPUDriven.Runtime.csproj", "{73145677-0205-40c3-9c53-8713538f4a97}"
EndProject
Project("{FAE04EC0-301F-11D3-BF4B-00C04F79EFBC}") = "Unity.PlasticSCM.Editor", "Unity.PlasticSCM.Editor.csproj", "{95aecb45-5673-8ac8-3b2a-37c0cdad2242}"
EndProject
Project("{FAE04EC0-301F-11D3-BF4B-00C04F79EFBC}") = "Unity.ShaderGraph.Editor", "Unity.ShaderGraph.Editor.csproj", "{0485639b-77ab-ce4a-b612-6d08b2b8bacb}"
EndProject
Project("{FAE04EC0-301F-11D3-BF4B-00C04F79EFBC}") = "Unity.RenderPipelines.Core.Runtime", "Unity.RenderPipelines.Core.Runtime.csproj", "{5dbaae86-3bb5-0dbc-6497-3c0dd4894b10}"
EndProject
Project("{FAE04EC0-301F-11D3-BF4B-00C04F79EFBC}") = "Unity.Mathematics", "Unity.Mathematics.csproj", "{7eb8e577-b6bd-19bf-1736-0b0f43bf5fc6}"
EndProject
Project("{FAE04EC0-301F-11D3-BF4B-00C04F79EFBC}") = "Unity.Timeline.Editor", "Unity.Timeline.Editor.csproj", "{62ef3f29-dc83-5e46-fea6-8550a4d405cd}"
EndProject
Project("{FAE04EC0-301F-11D3-BF4B-00C04F79EFBC}") = "Unity.Multiplayer.Center.Editor", "Unity.Multiplayer.Center.Editor.csproj", "{86c75e50-41ca-dfee-25db-bc9e3c3f2eb2}"
EndProject
Project("{FAE04EC0-301F-11D3-BF4B-00C04F79EFBC}") = "Unity.Collections", "Unity.Collections.csproj", "{943add57-09b2-9c0f-565a-dc60ce435192}"
EndProject
Project("{FAE04EC0-301F-11D3-BF4B-00C04F79EFBC}") = "UnityEngine.UI", "UnityEngine.UI.csproj", "{51fd19a9-c24d-29f5-5478-1eedce9005b1}"
EndProject
Project("{FAE04EC0-301F-11D3-BF4B-00C04F79EFBC}") = "Unity.RenderPipelines.Core.Editor", "Unity.RenderPipelines.Core.Editor.csproj", "{184892bb-c4e5-0907-141d-5be2a8e52b37}"
EndProject
Project("{FAE04EC0-301F-11D3-BF4B-00C04F79EFBC}") = "Unity.RenderPipelines.HighDefinition.Editor", "Unity.RenderPipelines.HighDefinition.Editor.csproj", "{7cab3701-15fd-9c28-b9d3-ed61fa310275}"
EndProject
Project("{FAE04EC0-301F-11D3-BF4B-00C04F79EFBC}") = "Unity.VisualScripting.Core.Editor", "Unity.VisualScripting.Core.Editor.csproj", "{9c1a16a1-a0cd-8efe-953f-73326a8d2aa3}"
EndProject
Project("{FAE04EC0-301F-11D3-BF4B-00C04F79EFBC}") = "Unity.PerformanceTesting.Editor", "Unity.PerformanceTesting.Editor.csproj", "{75fe5b89-afc7-87e6-03ec-451f767103b8}"
EndProject
Project("{FAE04EC0-301F-11D3-BF4B-00C04F79EFBC}") = "UnityEngine.TestRunner", "UnityEngine.TestRunner.csproj", "{e9520c3d-9726-030e-5b87-a52ee5e157c3}"
EndProject
Project("{FAE04EC0-301F-11D3-BF4B-00C04F79EFBC}") = "Unity.Burst", "Unity.Burst.csproj", "{c5083b09-2df1-af1b-fcf4-d449bf320e12}"
EndProject
Project("{FAE04EC0-301F-11D3-BF4B-00C04F79EFBC}") = "Unity.RenderPipelines.HighDefinition.Runtime", "Unity.RenderPipelines.HighDefinition.Runtime.csproj", "{af4e2ebf-7df2-30ac-ae78-98b4fd20eba4}"
EndProject
Project("{FAE04EC0-301F-11D3-BF4B-00C04F79EFBC}") = "Unity.VisualScripting.Flow.Editor", "Unity.VisualScripting.Flow.Editor.csproj", "{34f197bb-0280-ce6c-3890-159c0f301e28}"
EndProject
Project("{FAE04EC0-301F-11D3-BF4B-00C04F79EFBC}") = "Unity.VisualStudio.Editor", "Unity.VisualStudio.Editor.csproj", "{117dcfcd-c7b7-4eb6-661c-387ac09bcbe3}"
EndProject
Project("{FAE04EC0-301F-11D3-BF4B-00C04F79EFBC}") = "Unity.Searcher.Editor", "Unity.Searcher.Editor.csproj", "{2e245f54-fbc2-30ea-09ed-fb7744cafd88}"
EndProject
Project("{FAE04EC0-301F-11D3-BF4B-00C04F79EFBC}") = "UnityEditor.TestRunner", "UnityEditor.TestRunner.csproj", "{ead43a63-0c16-9743-2c81-afbf0c02e4c7}"
EndProject
Project("{FAE04EC0-301F-11D3-BF4B-00C04F79EFBC}") = "Unity.VisualScripting.Core", "Unity.VisualScripting.Core.csproj", "{70619621-7aad-1d9e-15c8-2539855ccbd1}"
EndProject
Project("{FAE04EC0-301F-11D3-BF4B-00C04F79EFBC}") = "Unity.CollabProxy.Editor", "Unity.CollabProxy.Editor.csproj", "{9c490754-208e-326e-4cb1-5df5818c3bb1}"
EndProject
Project("{FAE04EC0-301F-11D3-BF4B-00C04F79EFBC}") = "Unity.VisualScripting.State.Editor", "Unity.VisualScripting.State.Editor.csproj", "{2b2bb9d2-e292-d9dd-eb8b-c4a10ffd2e28}"
EndProject
Project("{FAE04EC0-301F-11D3-BF4B-00C04F79EFBC}") = "Unity.VisualEffectGraph.Runtime", "Unity.VisualEffectGraph.Runtime.csproj", "{e916513a-d7c9-3d40-2abe-9a44c7bf15fd}"
EndProject
Project("{FAE04EC0-301F-11D3-BF4B-00C04F79EFBC}") = "Unity.TestTools.CodeCoverage.Editor", "Unity.TestTools.CodeCoverage.Editor.csproj", "{37c39531-8cc8-c149-2050-d5f4c7a8e7c7}"
EndProject
Project("{FAE04EC0-301F-11D3-BF4B-00C04F79EFBC}") = "Unity.Burst.CodeGen", "Unity.Burst.CodeGen.csproj", "{1861b8f3-029d-20f7-2374-3ea759b7c37d}"
EndProject
Project("{FAE04EC0-301F-11D3-BF4B-00C04F79EFBC}") = "Unity.VisualScripting.Flow", "Unity.VisualScripting.Flow.csproj", "{bed30e21-3c01-fe8e-184f-3cbe15188e54}"
EndProject
Project("{FAE04EC0-301F-11D3-BF4B-00C04F79EFBC}") = "Unity.PerformanceTesting", "Unity.PerformanceTesting.csproj", "{466fa415-7a58-fe7a-143d-028ba15ab3f1}"
EndProject
Project("{FAE04EC0-301F-11D3-BF4B-00C04F79EFBC}") = "Unity.TestTools.CodeCoverage.Editor.OpenCover.Model", "Unity.TestTools.CodeCoverage.Editor.OpenCover.Model.csproj", "{5200a3a2-e306-8ef2-68bc-b00bb5ddea1e}"
EndProject
Project("{FAE04EC0-301F-11D3-BF4B-00C04F79EFBC}") = "Unity.TextMeshPro", "Unity.TextMeshPro.csproj", "{6cf64862-6268-1e32-c8a3-e8ecb2ac7c70}"
EndProject
Project("{FAE04EC0-301F-11D3-BF4B-00C04F79EFBC}") = "Unity.TextMeshPro.Editor", "Unity.TextMeshPro.Editor.csproj", "{c0a42815-79be-d874-57b7-7bfb462e864c}"
EndProject
Project("{FAE04EC0-301F-11D3-BF4B-00C04F79EFBC}") = "Unity.Rendering.LightTransport.Runtime", "Unity.Rendering.LightTransport.Runtime.csproj", "{a5ae6aed-d8f0-d98c-35d6-c00921545939}"
EndProject
Project("{FAE04EC0-301F-11D3-BF4B-00C04F79EFBC}") = "Unity.Burst.Editor", "Unity.Burst.Editor.csproj", "{47278ac4-9fad-7b79-b861-483b8abf13fc}"
EndProject
Project("{FAE04EC0-301F-11D3-BF4B-00C04F79EFBC}") = "Unity.TestTools.CodeCoverage.Editor.OpenCover.Mono.Reflection", "Unity.TestTools.CodeCoverage.Editor.OpenCover.Mono.Reflection.csproj", "{8fee501f-5aaa-a087-b614-2a3f28117f6d}"
EndProject
Project("{FAE04EC0-301F-11D3-BF4B-00C04F79EFBC}") = "Unity.Rider.Editor", "Unity.Rider.Editor.csproj", "{fd236713-2930-fbf4-fd33-6f6d0b91e87d}"
EndProject
Project("{FAE04EC0-301F-11D3-BF4B-00C04F79EFBC}") = "Unity.VisualScripting.State", "Unity.VisualScripting.State.csproj", "{b20b77b8-ce04-1c47-f0a3-de68fc7b5b42}"
EndProject
Project("{FAE04EC0-301F-11D3-BF4B-00C04F79EFBC}") = "Unity.Performance.Profile-Analyzer.Editor", "Unity.Performance.Profile-Analyzer.Editor.csproj", "{aa1ec0a4-2164-f5e4-097b-c44f5d00df3d}"
EndProject
Project("{FAE04EC0-301F-11D3-BF4B-00C04F79EFBC}") = "UnityEditor.UI", "UnityEditor.UI.csproj", "{ce8cf34a-de4d-49cf-2fa9-be4fbb62aa15}"
EndProject
Project("{FAE04EC0-301F-11D3-BF4B-00C04F79EFBC}") = "Unity.Multiplayer.Center.Common", "Unity.Multiplayer.Center.Common.csproj", "{6b56f2bf-1860-1095-61ab-8c4568072eea}"
EndProject
Project("{FAE04EC0-301F-11D3-BF4B-00C04F79EFBC}") = "Unity.Collections.CodeGen", "Unity.Collections.CodeGen.csproj", "{d73e0847-a363-9059-8d1b-4d42f61a3c2a}"
EndProject
Project("{FAE04EC0-301F-11D3-BF4B-00C04F79EFBC}") = "Unity.Mathematics.Editor", "Unity.Mathematics.Editor.csproj", "{3ced6b14-b90d-ee53-fd87-25649b50f5bd}"
EndProject
Project("{FAE04EC0-301F-11D3-BF4B-00C04F79EFBC}") = "Unity.VisualScripting.SettingsProvider.Editor", "Unity.VisualScripting.SettingsProvider.Editor.csproj", "{36bb227e-5002-e29c-6946-1b719e4cb19d}"
EndProject
Project("{FAE04EC0-301F-11D3-BF4B-00C04F79EFBC}") = "Assembly-CSharp-Editor", "Assembly-CSharp-Editor.csproj", "{aa7a3a9f-860d-95c4-6d7d-c824755e6687}"
EndProject
Project("{FAE04EC0-301F-11D3-BF4B-00C04F79EFBC}") = "Unity.Settings.Editor", "Unity.Settings.Editor.csproj", "{48d26137-4eb0-4022-b4cc-a7e91b32ce9d}"
EndProject
Project("{FAE04EC0-301F-11D3-BF4B-00C04F79EFBC}") = "Unity.ShaderGraph.Utilities", "Unity.ShaderGraph.Utilities.csproj", "{298aadba-cbaa-a5d1-7109-d9cf3c24f967}"
EndProject
Project("{FAE04EC0-301F-11D3-BF4B-00C04F79EFBC}") = "Unity.VisualScripting.Shared.Editor", "Unity.VisualScripting.Shared.Editor.csproj", "{02eadf31-62d0-5c77-f442-8bc0098e63ef}"
EndProject
Project("{FAE04EC0-301F-11D3-BF4B-00C04F79EFBC}") = "Unity.EditorCoroutines.Editor", "Unity.EditorCoroutines.Editor.csproj", "{7f3e4586-3785-c786-f887-5e86cd90e6a8}"
EndProject
Project("{FAE04EC0-301F-11D3-BF4B-00C04F79EFBC}") = "Unity.Rendering.LightTransport.Editor", "Unity.Rendering.LightTransport.Editor.csproj", "{96219af6-7670-b42c-b1af-be4301211a8a}"
EndProject
Project("{FAE04EC0-301F-11D3-BF4B-00C04F79EFBC}") = "Unity.RenderPipelines.Core.Runtime.Shared", "Unity.RenderPipelines.Core.Runtime.Shared.csproj", "{84b5f5ab-fda6-dc63-4a42-04ee019b4beb}"
EndProject
Project("{FAE04EC0-301F-11D3-BF4B-00C04F79EFBC}") = "Assembly-CSharp", "Assembly-CSharp.csproj", "{2666ccd4-623b-c450-4f05-bf71504e9c39}"
EndProject
Project("{FAE04EC0-301F-11D3-BF4B-00C04F79EFBC}") = "Unity.RenderPipelines.HighDefinition.Config.Runtime", "Unity.RenderPipelines.HighDefinition.Config.Runtime.csproj", "{fd43b631-5f28-85b5-5370-7772d7374e3c}"
EndProject
Project("{FAE04EC0-301F-11D3-BF4B-00C04F79EFBC}") = "Unity.Collections.Editor", "Unity.Collections.Editor.csproj", "{cc805c33-5877-b6d8-3892-2d9a6a8e4a5f}"
EndProject
Project("{FAE04EC0-301F-11D3-BF4B-00C04F79EFBC}") = "Unity.RenderPipelines.ShaderGraph.ShaderGraphLibrary", "Unity.RenderPipelines.ShaderGraph.ShaderGraphLibrary.csproj", "{b09053cd-a84c-bad7-5504-ef918205e5c6}"
EndProject
Project("{FAE04EC0-301F-11D3-BF4B-00C04F79EFBC}") = "Unity.RenderPipelines.Core.ShaderLibrary", "Unity.RenderPipelines.Core.ShaderLibrary.csproj", "{67a2188b-db73-a342-3596-4d82a428f43f}"
EndProject
Project("{FAE04EC0-301F-11D3-BF4B-00C04F79EFBC}") = "Unity.RenderPipelines.Core.Editor.Shared", "Unity.RenderPipelines.Core.Editor.Shared.csproj", "{6137d643-5b14-2a5c-bd47-57422e449cf2}"
EndProject
Project("{FAE04EC0-301F-11D3-BF4B-00C04F79EFBC}") = "Unity.RenderPipelines.HighDefinition.Runtime.Tests", "Unity.RenderPipelines.HighDefinition.Runtime.Tests.csproj", "{456cf142-591a-8de7-68b1-6289ebe55f9d}"
EndProject
Project("{FAE04EC0-301F-11D3-BF4B-00C04F79EFBC}") = "Unity.Mathematics.Tests", "Unity.Mathematics.Tests.csproj", "{ea4d969c-6c68-5c71-1885-3471b108bdb7}"
EndProject
Project("{FAE04EC0-301F-11D3-BF4B-00C04F79EFBC}") = "Unity.RenderPipelines.Core.Editor.Tests", "Unity.RenderPipelines.Core.Editor.Tests.csproj", "{e534984f-b497-0055-e033-c9e4ce329708}"
EndProject
Project("{FAE04EC0-301F-11D3-BF4B-00C04F79EFBC}") = "Unity.Collections.DocCodeSamples", "Unity.Collections.DocCodeSamples.csproj", "{7744411d-7935-ac44-c089-603248e58331}"
EndProject
Project("{FAE04EC0-301F-11D3-BF4B-00C04F79EFBC}") = "Unity.VisualEffectGraph.Editor.Tests", "Unity.VisualEffectGraph.Editor.Tests.csproj", "{898289e2-fd59-3d5e-974b-53a99c9bf86e}"
EndProject
Project("{FAE04EC0-301F-11D3-BF4B-00C04F79EFBC}") = "Unity.Searcher.EditorTests", "Unity.Searcher.EditorTests.csproj", "{46740cc0-ff0c-2094-5200-363c63c94f01}"
EndProject
Project("{FAE04EC0-301F-11D3-BF4B-00C04F79EFBC}") = "Unity.RenderPipelines.HighDefinition.Editor.Tests", "Unity.RenderPipelines.HighDefinition.Editor.Tests.csproj", "{dde1bb5a-4275-08c3-e034-c229b1966d3c}"
EndProject
Project("{FAE04EC0-301F-11D3-BF4B-00C04F79EFBC}") = "Unity.Collections.PerformanceTests", "Unity.Collections.PerformanceTests.csproj", "{7847ac1e-dcef-dec6-3a63-22c08bff9179}"
EndProject
Project("{FAE04EC0-301F-11D3-BF4B-00C04F79EFBC}") = "Unity.TestTools.CodeCoverage.Editor.Compatibility", "Unity.TestTools.CodeCoverage.Editor.Compatibility.csproj", "{743f8353-26c9-0918-7d99-82a428761728}"
EndProject
Project("{FAE04EC0-301F-11D3-BF4B-00C04F79EFBC}") = "Unity.TextMeshPro.Editor.Tests", "Unity.TextMeshPro.Editor.Tests.csproj", "{f9654299-71c9-6509-34f7-f981890bab95}"
EndProject
Project("{FAE04EC0-301F-11D3-BF4B-00C04F79EFBC}") = "DocCodeExamples", "DocCodeExamples.csproj", "{5bf31883-abcd-10b3-5197-bdab633e9dd4}"
EndProject
Project("{FAE04EC0-301F-11D3-BF4B-00C04F79EFBC}") = "Unity.LightTransport.Editor.Tests", "Unity.LightTransport.Editor.Tests.csproj", "{380be458-08c9-ff9e-b1f9-c98276d0e92f}"
EndProject
Project("{FAE04EC0-301F-11D3-BF4B-00C04F79EFBC}") = "Unity.Multiplayer.Center.Tests", "Unity.Multiplayer.Center.Tests.csproj", "{5911a17b-293a-c779-ef6f-9bf0600edc6f}"
EndProject
Project("{FAE04EC0-301F-11D3-BF4B-00C04F79EFBC}") = "Unity.Collections.Tests", "Unity.Collections.Tests.csproj", "{15417626-f316-b249-3dc1-cbb8a2587369}"
EndProject
Project("{FAE04EC0-301F-11D3-BF4B-00C04F79EFBC}") = "Unity.RenderPipelines.Core.Runtime.Tests", "Unity.RenderPipelines.Core.Runtime.Tests.csproj", "{e53ffa1e-d710-1e4a-bf00-035a95285b4f}"
EndProject
Project("{FAE04EC0-301F-11D3-BF4B-00C04F79EFBC}") = "Unity.Performance.Profile-Analyzer.EditorTests", "Unity.Performance.Profile-Analyzer.EditorTests.csproj", "{396bfbc6-45d0-83f6-78b9-3e21246f4654}"
EndProject
Project("{FAE04EC0-301F-11D3-BF4B-00C04F79EFBC}") = "Unity.Multiplayer.Center.Editor.Tests", "Unity.Multiplayer.Center.Editor.Tests.csproj", "{fc752fcd-e96a-43ec-f22e-2b4603e6b3e6}"
EndProject
Project("{FAE04EC0-301F-11D3-BF4B-00C04F79EFBC}") = "Unity.Settings.Tests", "Unity.Settings.Tests.csproj", "{5134f01e-1291-22fb-ca9d-41adade74582}"
EndProject
Project("{FAE04EC0-301F-11D3-BF4B-00C04F79EFBC}") = "UnityEngine.UI.Tests", "UnityEngine.UI.Tests.csproj", "{98bf33bc-a095-0e18-2375-a3c28c30abac}"
EndProject
Project("{FAE04EC0-301F-11D3-BF4B-00C04F79EFBC}") = "Unity.Collections.Tests.Playmode", "Unity.Collections.Tests.Playmode.csproj", "{2bb59cac-f7e3-9e8f-5e00-fff9cc38b192}"
EndProject
Project("{FAE04EC0-301F-11D3-BF4B-00C04F79EFBC}") = "Unity.Nuget.Mono-Cecil", "Unity.Nuget.Mono-Cecil.csproj", "{c2d4f831-0e4e-7757-81af-e4f10536e4a6}"
EndProject
Project("{FAE04EC0-301F-11D3-BF4B-00C04F79EFBC}") = "Unity.RenderPipelines.HighDefinitionConfig.Editor.Tests", "Unity.RenderPipelines.HighDefinitionConfig.Editor.Tests.csproj", "{5c3f72c3-6f48-a5cc-9a90-89ca0af6204c}"
EndProject
Project("{FAE04EC0-301F-11D3-BF4B-00C04F79EFBC}") = "Unity.TextMeshPro.Tests", "Unity.TextMeshPro.Tests.csproj", "{2bc424a7-dedd-804e-1677-596bae992f19}"
EndProject
Project("{FAE04EC0-301F-11D3-BF4B-00C04F79EFBC}") = "UnityEditor.UI.EditorTests", "UnityEditor.UI.EditorTests.csproj", "{740b4166-004b-d4cd-a102-04c15c70b692}"
EndProject
Project("{FAE04EC0-301F-11D3-BF4B-00C04F79EFBC}") = "Unity.VisualEffectGraph.Runtime.Tests", "Unity.VisualEffectGraph.Runtime.Tests.csproj", "{e993070a-c174-853d-aa6e-60c86467dbc6}"
EndProject
Project("{FAE04EC0-301F-11D3-BF4B-00C04F79EFBC}") = "Unity.Collections.BurstCompatibilityGen", "Unity.Collections.BurstCompatibilityGen.csproj", "{3e604731-3a70-faf3-7c53-26f811b2bf6c}"
EndProject
Project("{FAE04EC0-301F-11D3-BF4B-00C04F79EFBC}") = "Unity.ShaderGraph.Editor.Tests", "Unity.ShaderGraph.Editor.Tests.csproj", "{d8483cc2-aabd-4f16-dad8-7ef6eca56cb3}"
EndProject
Global
	GlobalSection(SolutionConfigurationPlatforms) = preSolution
		Debug|Any CPU = Debug|Any CPU
	EndGlobalSection
	GlobalSection(ProjectConfigurationPlatforms) = postSolution
		{312c2de7-20cb-8531-cc3e-1a5adf1c4f5a}.Debug|Any CPU.ActiveCfg = Debug|Any CPU
		{312c2de7-20cb-8531-cc3e-1a5adf1c4f5a}.Debug|Any CPU.Build.0 = Debug|Any CPU
		{068b7d99-e91c-625e-d4b4-61b80597225a}.Debug|Any CPU.ActiveCfg = Debug|Any CPU
		{068b7d99-e91c-625e-d4b4-61b80597225a}.Debug|Any CPU.Build.0 = Debug|Any CPU
		{73145677-0205-40c3-9c53-8713538f4a97}.Debug|Any CPU.ActiveCfg = Debug|Any CPU
		{73145677-0205-40c3-9c53-8713538f4a97}.Debug|Any CPU.Build.0 = Debug|Any CPU
		{95aecb45-5673-8ac8-3b2a-37c0cdad2242}.Debug|Any CPU.ActiveCfg = Debug|Any CPU
		{95aecb45-5673-8ac8-3b2a-37c0cdad2242}.Debug|Any CPU.Build.0 = Debug|Any CPU
		{0485639b-77ab-ce4a-b612-6d08b2b8bacb}.Debug|Any CPU.ActiveCfg = Debug|Any CPU
		{0485639b-77ab-ce4a-b612-6d08b2b8bacb}.Debug|Any CPU.Build.0 = Debug|Any CPU
		{5dbaae86-3bb5-0dbc-6497-3c0dd4894b10}.Debug|Any CPU.ActiveCfg = Debug|Any CPU
		{5dbaae86-3bb5-0dbc-6497-3c0dd4894b10}.Debug|Any CPU.Build.0 = Debug|Any CPU
		{7eb8e577-b6bd-19bf-1736-0b0f43bf5fc6}.Debug|Any CPU.ActiveCfg = Debug|Any CPU
		{7eb8e577-b6bd-19bf-1736-0b0f43bf5fc6}.Debug|Any CPU.Build.0 = Debug|Any CPU
		{62ef3f29-dc83-5e46-fea6-8550a4d405cd}.Debug|Any CPU.ActiveCfg = Debug|Any CPU
		{62ef3f29-dc83-5e46-fea6-8550a4d405cd}.Debug|Any CPU.Build.0 = Debug|Any CPU
		{86c75e50-41ca-dfee-25db-bc9e3c3f2eb2}.Debug|Any CPU.ActiveCfg = Debug|Any CPU
		{86c75e50-41ca-dfee-25db-bc9e3c3f2eb2}.Debug|Any CPU.Build.0 = Debug|Any CPU
		{943add57-09b2-9c0f-565a-dc60ce435192}.Debug|Any CPU.ActiveCfg = Debug|Any CPU
		{943add57-09b2-9c0f-565a-dc60ce435192}.Debug|Any CPU.Build.0 = Debug|Any CPU
		{51fd19a9-c24d-29f5-5478-1eedce9005b1}.Debug|Any CPU.ActiveCfg = Debug|Any CPU
		{51fd19a9-c24d-29f5-5478-1eedce9005b1}.Debug|Any CPU.Build.0 = Debug|Any CPU
		{184892bb-c4e5-0907-141d-5be2a8e52b37}.Debug|Any CPU.ActiveCfg = Debug|Any CPU
		{184892bb-c4e5-0907-141d-5be2a8e52b37}.Debug|Any CPU.Build.0 = Debug|Any CPU
		{7cab3701-15fd-9c28-b9d3-ed61fa310275}.Debug|Any CPU.ActiveCfg = Debug|Any CPU
		{7cab3701-15fd-9c28-b9d3-ed61fa310275}.Debug|Any CPU.Build.0 = Debug|Any CPU
		{9c1a16a1-a0cd-8efe-953f-73326a8d2aa3}.Debug|Any CPU.ActiveCfg = Debug|Any CPU
		{9c1a16a1-a0cd-8efe-953f-73326a8d2aa3}.Debug|Any CPU.Build.0 = Debug|Any CPU
		{75fe5b89-afc7-87e6-03ec-451f767103b8}.Debug|Any CPU.ActiveCfg = Debug|Any CPU
		{75fe5b89-afc7-87e6-03ec-451f767103b8}.Debug|Any CPU.Build.0 = Debug|Any CPU
		{e9520c3d-9726-030e-5b87-a52ee5e157c3}.Debug|Any CPU.ActiveCfg = Debug|Any CPU
		{e9520c3d-9726-030e-5b87-a52ee5e157c3}.Debug|Any CPU.Build.0 = Debug|Any CPU
		{c5083b09-2df1-af1b-fcf4-d449bf320e12}.Debug|Any CPU.ActiveCfg = Debug|Any CPU
		{c5083b09-2df1-af1b-fcf4-d449bf320e12}.Debug|Any CPU.Build.0 = Debug|Any CPU
		{af4e2ebf-7df2-30ac-ae78-98b4fd20eba4}.Debug|Any CPU.ActiveCfg = Debug|Any CPU
		{af4e2ebf-7df2-30ac-ae78-98b4fd20eba4}.Debug|Any CPU.Build.0 = Debug|Any CPU
		{34f197bb-0280-ce6c-3890-159c0f301e28}.Debug|Any CPU.ActiveCfg = Debug|Any CPU
		{34f197bb-0280-ce6c-3890-159c0f301e28}.Debug|Any CPU.Build.0 = Debug|Any CPU
		{117dcfcd-c7b7-4eb6-661c-387ac09bcbe3}.Debug|Any CPU.ActiveCfg = Debug|Any CPU
		{117dcfcd-c7b7-4eb6-661c-387ac09bcbe3}.Debug|Any CPU.Build.0 = Debug|Any CPU
		{2e245f54-fbc2-30ea-09ed-fb7744cafd88}.Debug|Any CPU.ActiveCfg = Debug|Any CPU
		{2e245f54-fbc2-30ea-09ed-fb7744cafd88}.Debug|Any CPU.Build.0 = Debug|Any CPU
		{ead43a63-0c16-9743-2c81-afbf0c02e4c7}.Debug|Any CPU.ActiveCfg = Debug|Any CPU
		{ead43a63-0c16-9743-2c81-afbf0c02e4c7}.Debug|Any CPU.Build.0 = Debug|Any CPU
		{70619621-7aad-1d9e-15c8-2539855ccbd1}.Debug|Any CPU.ActiveCfg = Debug|Any CPU
		{70619621-7aad-1d9e-15c8-2539855ccbd1}.Debug|Any CPU.Build.0 = Debug|Any CPU
		{9c490754-208e-326e-4cb1-5df5818c3bb1}.Debug|Any CPU.ActiveCfg = Debug|Any CPU
		{9c490754-208e-326e-4cb1-5df5818c3bb1}.Debug|Any CPU.Build.0 = Debug|Any CPU
		{2b2bb9d2-e292-d9dd-eb8b-c4a10ffd2e28}.Debug|Any CPU.ActiveCfg = Debug|Any CPU
		{2b2bb9d2-e292-d9dd-eb8b-c4a10ffd2e28}.Debug|Any CPU.Build.0 = Debug|Any CPU
		{e916513a-d7c9-3d40-2abe-9a44c7bf15fd}.Debug|Any CPU.ActiveCfg = Debug|Any CPU
		{e916513a-d7c9-3d40-2abe-9a44c7bf15fd}.Debug|Any CPU.Build.0 = Debug|Any CPU
		{37c39531-8cc8-c149-2050-d5f4c7a8e7c7}.Debug|Any CPU.ActiveCfg = Debug|Any CPU
		{37c39531-8cc8-c149-2050-d5f4c7a8e7c7}.Debug|Any CPU.Build.0 = Debug|Any CPU
		{1861b8f3-029d-20f7-2374-3ea759b7c37d}.Debug|Any CPU.ActiveCfg = Debug|Any CPU
		{1861b8f3-029d-20f7-2374-3ea759b7c37d}.Debug|Any CPU.Build.0 = Debug|Any CPU
		{bed30e21-3c01-fe8e-184f-3cbe15188e54}.Debug|Any CPU.ActiveCfg = Debug|Any CPU
		{bed30e21-3c01-fe8e-184f-3cbe15188e54}.Debug|Any CPU.Build.0 = Debug|Any CPU
		{466fa415-7a58-fe7a-143d-028ba15ab3f1}.Debug|Any CPU.ActiveCfg = Debug|Any CPU
		{466fa415-7a58-fe7a-143d-028ba15ab3f1}.Debug|Any CPU.Build.0 = Debug|Any CPU
		{5200a3a2-e306-8ef2-68bc-b00bb5ddea1e}.Debug|Any CPU.ActiveCfg = Debug|Any CPU
		{5200a3a2-e306-8ef2-68bc-b00bb5ddea1e}.Debug|Any CPU.Build.0 = Debug|Any CPU
		{6cf64862-6268-1e32-c8a3-e8ecb2ac7c70}.Debug|Any CPU.ActiveCfg = Debug|Any CPU
		{6cf64862-6268-1e32-c8a3-e8ecb2ac7c70}.Debug|Any CPU.Build.0 = Debug|Any CPU
		{c0a42815-79be-d874-57b7-7bfb462e864c}.Debug|Any CPU.ActiveCfg = Debug|Any CPU
		{c0a42815-79be-d874-57b7-7bfb462e864c}.Debug|Any CPU.Build.0 = Debug|Any CPU
		{a5ae6aed-d8f0-d98c-35d6-c00921545939}.Debug|Any CPU.ActiveCfg = Debug|Any CPU
		{a5ae6aed-d8f0-d98c-35d6-c00921545939}.Debug|Any CPU.Build.0 = Debug|Any CPU
		{47278ac4-9fad-7b79-b861-483b8abf13fc}.Debug|Any CPU.ActiveCfg = Debug|Any CPU
		{47278ac4-9fad-7b79-b861-483b8abf13fc}.Debug|Any CPU.Build.0 = Debug|Any CPU
		{8fee501f-5aaa-a087-b614-2a3f28117f6d}.Debug|Any CPU.ActiveCfg = Debug|Any CPU
		{8fee501f-5aaa-a087-b614-2a3f28117f6d}.Debug|Any CPU.Build.0 = Debug|Any CPU
		{fd236713-2930-fbf4-fd33-6f6d0b91e87d}.Debug|Any CPU.ActiveCfg = Debug|Any CPU
		{fd236713-2930-fbf4-fd33-6f6d0b91e87d}.Debug|Any CPU.Build.0 = Debug|Any CPU
		{b20b77b8-ce04-1c47-f0a3-de68fc7b5b42}.Debug|Any CPU.ActiveCfg = Debug|Any CPU
		{b20b77b8-ce04-1c47-f0a3-de68fc7b5b42}.Debug|Any CPU.Build.0 = Debug|Any CPU
		{aa1ec0a4-2164-f5e4-097b-c44f5d00df3d}.Debug|Any CPU.ActiveCfg = Debug|Any CPU
		{aa1ec0a4-2164-f5e4-097b-c44f5d00df3d}.Debug|Any CPU.Build.0 = Debug|Any CPU
		{ce8cf34a-de4d-49cf-2fa9-be4fbb62aa15}.Debug|Any CPU.ActiveCfg = Debug|Any CPU
		{ce8cf34a-de4d-49cf-2fa9-be4fbb62aa15}.Debug|Any CPU.Build.0 = Debug|Any CPU
		{6b56f2bf-1860-1095-61ab-8c4568072eea}.Debug|Any CPU.ActiveCfg = Debug|Any CPU
		{6b56f2bf-1860-1095-61ab-8c4568072eea}.Debug|Any CPU.Build.0 = Debug|Any CPU
		{d73e0847-a363-9059-8d1b-4d42f61a3c2a}.Debug|Any CPU.ActiveCfg = Debug|Any CPU
		{d73e0847-a363-9059-8d1b-4d42f61a3c2a}.Debug|Any CPU.Build.0 = Debug|Any CPU
		{3ced6b14-b90d-ee53-fd87-25649b50f5bd}.Debug|Any CPU.ActiveCfg = Debug|Any CPU
		{3ced6b14-b90d-ee53-fd87-25649b50f5bd}.Debug|Any CPU.Build.0 = Debug|Any CPU
		{36bb227e-5002-e29c-6946-1b719e4cb19d}.Debug|Any CPU.ActiveCfg = Debug|Any CPU
		{36bb227e-5002-e29c-6946-1b719e4cb19d}.Debug|Any CPU.Build.0 = Debug|Any CPU
		{aa7a3a9f-860d-95c4-6d7d-c824755e6687}.Debug|Any CPU.ActiveCfg = Debug|Any CPU
		{aa7a3a9f-860d-95c4-6d7d-c824755e6687}.Debug|Any CPU.Build.0 = Debug|Any CPU
		{48d26137-4eb0-4022-b4cc-a7e91b32ce9d}.Debug|Any CPU.ActiveCfg = Debug|Any CPU
		{48d26137-4eb0-4022-b4cc-a7e91b32ce9d}.Debug|Any CPU.Build.0 = Debug|Any CPU
		{298aadba-cbaa-a5d1-7109-d9cf3c24f967}.Debug|Any CPU.ActiveCfg = Debug|Any CPU
		{298aadba-cbaa-a5d1-7109-d9cf3c24f967}.Debug|Any CPU.Build.0 = Debug|Any CPU
		{02eadf31-62d0-5c77-f442-8bc0098e63ef}.Debug|Any CPU.ActiveCfg = Debug|Any CPU
		{02eadf31-62d0-5c77-f442-8bc0098e63ef}.Debug|Any CPU.Build.0 = Debug|Any CPU
		{7f3e4586-3785-c786-f887-5e86cd90e6a8}.Debug|Any CPU.ActiveCfg = Debug|Any CPU
		{7f3e4586-3785-c786-f887-5e86cd90e6a8}.Debug|Any CPU.Build.0 = Debug|Any CPU
		{96219af6-7670-b42c-b1af-be4301211a8a}.Debug|Any CPU.ActiveCfg = Debug|Any CPU
		{96219af6-7670-b42c-b1af-be4301211a8a}.Debug|Any CPU.Build.0 = Debug|Any CPU
		{84b5f5ab-fda6-dc63-4a42-04ee019b4beb}.Debug|Any CPU.ActiveCfg = Debug|Any CPU
		{84b5f5ab-fda6-dc63-4a42-04ee019b4beb}.Debug|Any CPU.Build.0 = Debug|Any CPU
		{2666ccd4-623b-c450-4f05-bf71504e9c39}.Debug|Any CPU.ActiveCfg = Debug|Any CPU
		{2666ccd4-623b-c450-4f05-bf71504e9c39}.Debug|Any CPU.Build.0 = Debug|Any CPU
		{fd43b631-5f28-85b5-5370-7772d7374e3c}.Debug|Any CPU.ActiveCfg = Debug|Any CPU
		{fd43b631-5f28-85b5-5370-7772d7374e3c}.Debug|Any CPU.Build.0 = Debug|Any CPU
		{cc805c33-5877-b6d8-3892-2d9a6a8e4a5f}.Debug|Any CPU.ActiveCfg = Debug|Any CPU
		{cc805c33-5877-b6d8-3892-2d9a6a8e4a5f}.Debug|Any CPU.Build.0 = Debug|Any CPU
		{b09053cd-a84c-bad7-5504-ef918205e5c6}.Debug|Any CPU.ActiveCfg = Debug|Any CPU
		{b09053cd-a84c-bad7-5504-ef918205e5c6}.Debug|Any CPU.Build.0 = Debug|Any CPU
		{67a2188b-db73-a342-3596-4d82a428f43f}.Debug|Any CPU.ActiveCfg = Debug|Any CPU
		{67a2188b-db73-a342-3596-4d82a428f43f}.Debug|Any CPU.Build.0 = Debug|Any CPU
		{6137d643-5b14-2a5c-bd47-57422e449cf2}.Debug|Any CPU.ActiveCfg = Debug|Any CPU
		{6137d643-5b14-2a5c-bd47-57422e449cf2}.Debug|Any CPU.Build.0 = Debug|Any CPU
		{456cf142-591a-8de7-68b1-6289ebe55f9d}.Debug|Any CPU.ActiveCfg = Debug|Any CPU
		{456cf142-591a-8de7-68b1-6289ebe55f9d}.Debug|Any CPU.Build.0 = Debug|Any CPU
		{ea4d969c-6c68-5c71-1885-3471b108bdb7}.Debug|Any CPU.ActiveCfg = Debug|Any CPU
		{ea4d969c-6c68-5c71-1885-3471b108bdb7}.Debug|Any CPU.Build.0 = Debug|Any CPU
		{e534984f-b497-0055-e033-c9e4ce329708}.Debug|Any CPU.ActiveCfg = Debug|Any CPU
		{e534984f-b497-0055-e033-c9e4ce329708}.Debug|Any CPU.Build.0 = Debug|Any CPU
		{7744411d-7935-ac44-c089-603248e58331}.Debug|Any CPU.ActiveCfg = Debug|Any CPU
		{7744411d-7935-ac44-c089-603248e58331}.Debug|Any CPU.Build.0 = Debug|Any CPU
		{898289e2-fd59-3d5e-974b-53a99c9bf86e}.Debug|Any CPU.ActiveCfg = Debug|Any CPU
		{898289e2-fd59-3d5e-974b-53a99c9bf86e}.Debug|Any CPU.Build.0 = Debug|Any CPU
		{46740cc0-ff0c-2094-5200-363c63c94f01}.Debug|Any CPU.ActiveCfg = Debug|Any CPU
		{46740cc0-ff0c-2094-5200-363c63c94f01}.Debug|Any CPU.Build.0 = Debug|Any CPU
		{dde1bb5a-4275-08c3-e034-c229b1966d3c}.Debug|Any CPU.ActiveCfg = Debug|Any CPU
		{dde1bb5a-4275-08c3-e034-c229b1966d3c}.Debug|Any CPU.Build.0 = Debug|Any CPU
		{7847ac1e-dcef-dec6-3a63-22c08bff9179}.Debug|Any CPU.ActiveCfg = Debug|Any CPU
		{7847ac1e-dcef-dec6-3a63-22c08bff9179}.Debug|Any CPU.Build.0 = Debug|Any CPU
		{743f8353-26c9-0918-7d99-82a428761728}.Debug|Any CPU.ActiveCfg = Debug|Any CPU
		{743f8353-26c9-0918-7d99-82a428761728}.Debug|Any CPU.Build.0 = Debug|Any CPU
		{f9654299-71c9-6509-34f7-f981890bab95}.Debug|Any CPU.ActiveCfg = Debug|Any CPU
		{f9654299-71c9-6509-34f7-f981890bab95}.Debug|Any CPU.Build.0 = Debug|Any CPU
		{5bf31883-abcd-10b3-5197-bdab633e9dd4}.Debug|Any CPU.ActiveCfg = Debug|Any CPU
		{5bf31883-abcd-10b3-5197-bdab633e9dd4}.Debug|Any CPU.Build.0 = Debug|Any CPU
		{380be458-08c9-ff9e-b1f9-c98276d0e92f}.Debug|Any CPU.ActiveCfg = Debug|Any CPU
		{380be458-08c9-ff9e-b1f9-c98276d0e92f}.Debug|Any CPU.Build.0 = Debug|Any CPU
		{5911a17b-293a-c779-ef6f-9bf0600edc6f}.Debug|Any CPU.ActiveCfg = Debug|Any CPU
		{5911a17b-293a-c779-ef6f-9bf0600edc6f}.Debug|Any CPU.Build.0 = Debug|Any CPU
		{15417626-f316-b249-3dc1-cbb8a2587369}.Debug|Any CPU.ActiveCfg = Debug|Any CPU
		{15417626-f316-b249-3dc1-cbb8a2587369}.Debug|Any CPU.Build.0 = Debug|Any CPU
		{e53ffa1e-d710-1e4a-bf00-035a95285b4f}.Debug|Any CPU.ActiveCfg = Debug|Any CPU
		{e53ffa1e-d710-1e4a-bf00-035a95285b4f}.Debug|Any CPU.Build.0 = Debug|Any CPU
		{396bfbc6-45d0-83f6-78b9-3e21246f4654}.Debug|Any CPU.ActiveCfg = Debug|Any CPU
		{396bfbc6-45d0-83f6-78b9-3e21246f4654}.Debug|Any CPU.Build.0 = Debug|Any CPU
		{fc752fcd-e96a-43ec-f22e-2b4603e6b3e6}.Debug|Any CPU.ActiveCfg = Debug|Any CPU
		{fc752fcd-e96a-43ec-f22e-2b4603e6b3e6}.Debug|Any CPU.Build.0 = Debug|Any CPU
		{5134f01e-1291-22fb-ca9d-41adade74582}.Debug|Any CPU.ActiveCfg = Debug|Any CPU
		{5134f01e-1291-22fb-ca9d-41adade74582}.Debug|Any CPU.Build.0 = Debug|Any CPU
		{98bf33bc-a095-0e18-2375-a3c28c30abac}.Debug|Any CPU.ActiveCfg = Debug|Any CPU
		{98bf33bc-a095-0e18-2375-a3c28c30abac}.Debug|Any CPU.Build.0 = Debug|Any CPU
		{2bb59cac-f7e3-9e8f-5e00-fff9cc38b192}.Debug|Any CPU.ActiveCfg = Debug|Any CPU
		{2bb59cac-f7e3-9e8f-5e00-fff9cc38b192}.Debug|Any CPU.Build.0 = Debug|Any CPU
		{c2d4f831-0e4e-7757-81af-e4f10536e4a6}.Debug|Any CPU.ActiveCfg = Debug|Any CPU
		{c2d4f831-0e4e-7757-81af-e4f10536e4a6}.Debug|Any CPU.Build.0 = Debug|Any CPU
		{5c3f72c3-6f48-a5cc-9a90-89ca0af6204c}.Debug|Any CPU.ActiveCfg = Debug|Any CPU
		{5c3f72c3-6f48-a5cc-9a90-89ca0af6204c}.Debug|Any CPU.Build.0 = Debug|Any CPU
		{2bc424a7-dedd-804e-1677-596bae992f19}.Debug|Any CPU.ActiveCfg = Debug|Any CPU
		{2bc424a7-dedd-804e-1677-596bae992f19}.Debug|Any CPU.Build.0 = Debug|Any CPU
		{740b4166-004b-d4cd-a102-04c15c70b692}.Debug|Any CPU.ActiveCfg = Debug|Any CPU
		{740b4166-004b-d4cd-a102-04c15c70b692}.Debug|Any CPU.Build.0 = Debug|Any CPU
		{e993070a-c174-853d-aa6e-60c86467dbc6}.Debug|Any CPU.ActiveCfg = Debug|Any CPU
		{e993070a-c174-853d-aa6e-60c86467dbc6}.Debug|Any CPU.Build.0 = Debug|Any CPU
		{3e604731-3a70-faf3-7c53-26f811b2bf6c}.Debug|Any CPU.ActiveCfg = Debug|Any CPU
		{3e604731-3a70-faf3-7c53-26f811b2bf6c}.Debug|Any CPU.Build.0 = Debug|Any CPU
		{d8483cc2-aabd-4f16-dad8-7ef6eca56cb3}.Debug|Any CPU.ActiveCfg = Debug|Any CPU
		{d8483cc2-aabd-4f16-dad8-7ef6eca56cb3}.Debug|Any CPU.Build.0 = Debug|Any CPU
	EndGlobalSection
	GlobalSection(SolutionProperties) = preSolution
		HideSolutionNode = FALSE
	EndGlobalSection
EndGlobal
